
Microsoft Visual Studio Solution File, Format Version 12.00
Project("{FAE04EC0-301F-11D3-BF4B-00C04F79EFBC}") = "Sharpie", "Sharpie\Sharpie.csproj", "{4CA00453-0170-4927-B6EB-EAB72B531CD5}"
EndProject
Project("{FAE04EC0-301F-11D3-BF4B-00C04F79EFBC}") = "Sharpie.Tests", "Sharpie.Tests\Sharpie.Tests.csproj", "{055BCCFA-476F-4BE6-B810-5A2D14E6BD42}"
EndProject
Project("{2150E333-8FDC-42A3-9474-1A3956D46DE8}") = "Demos", "Demos", "{D93C7AAD-B597-44E4-B05B-81A52F0D5E9B}"
EndProject
Project("{FAE04EC0-301F-11D3-BF4B-00C04F79EFBC}") = "Sharpie.Demos.Events", "Demos\Sharpie.Demos.Events\Sharpie.Demos.Events.csproj", "{8F82A851-2053-4079-82D2-5BA2C1987AF2}"
EndProject
Project("{FAE04EC0-301F-11D3-BF4B-00C04F79EFBC}") = "Sharpie.Demos.Bounce", "Demos\Sharpie.Demos.Bounce\Sharpie.Demos.Bounce.csproj", "{68997860-DF84-4DFF-9B24-5F5B531B994A}"
EndProject
Project("{FAE04EC0-301F-11D3-BF4B-00C04F79EFBC}") = "Sharpie.Demos.Slk", "Demos\Sharpie.Demos.Slk\Sharpie.Demos.Slk.csproj", "{6E0FFEE1-21B5-4B26-B65D-FC4C5457A154}"
EndProject
Project("{FAE04EC0-301F-11D3-BF4B-00C04F79EFBC}") = "Sharpie.Demos.Refresh", "Demos\Sharpie.Demos.Refresh\Sharpie.Demos.Refresh.csproj", "{C5E6AEF6-E39C-4ADE-A684-55B901D9871B}"
EndProject
Global
	GlobalSection(SolutionConfigurationPlatforms) = preSolution
		Debug|Any CPU = Debug|Any CPU
		Release|Any CPU = Release|Any CPU
	EndGlobalSection
	GlobalSection(ProjectConfigurationPlatforms) = postSolution
		{4CA00453-0170-4927-B6EB-EAB72B531CD5}.Debug|Any CPU.ActiveCfg = Debug|Any CPU
		{4CA00453-0170-4927-B6EB-EAB72B531CD5}.Debug|Any CPU.Build.0 = Debug|Any CPU
		{4CA00453-0170-4927-B6EB-EAB72B531CD5}.Release|Any CPU.ActiveCfg = Release|Any CPU
		{4CA00453-0170-4927-B6EB-EAB72B531CD5}.Release|Any CPU.Build.0 = Release|Any CPU
		{055BCCFA-476F-4BE6-B810-5A2D14E6BD42}.Debug|Any CPU.ActiveCfg = Debug|Any CPU
		{055BCCFA-476F-4BE6-B810-5A2D14E6BD42}.Debug|Any CPU.Build.0 = Debug|Any CPU
		{055BCCFA-476F-4BE6-B810-5A2D14E6BD42}.Release|Any CPU.ActiveCfg = Release|Any CPU
		{055BCCFA-476F-4BE6-B810-5A2D14E6BD42}.Release|Any CPU.Build.0 = Release|Any CPU
		{8F82A851-2053-4079-82D2-5BA2C1987AF2}.Debug|Any CPU.ActiveCfg = Debug|Any CPU
		{8F82A851-2053-4079-82D2-5BA2C1987AF2}.Debug|Any CPU.Build.0 = Debug|Any CPU
		{8F82A851-2053-4079-82D2-5BA2C1987AF2}.Release|Any CPU.ActiveCfg = Release|Any CPU
		{8F82A851-2053-4079-82D2-5BA2C1987AF2}.Release|Any CPU.Build.0 = Release|Any CPU
		{68997860-DF84-4DFF-9B24-5F5B531B994A}.Debug|Any CPU.ActiveCfg = Debug|Any CPU
		{68997860-DF84-4DFF-9B24-5F5B531B994A}.Debug|Any CPU.Build.0 = Debug|Any CPU
		{68997860-DF84-4DFF-9B24-5F5B531B994A}.Release|Any CPU.ActiveCfg = Release|Any CPU
		{68997860-DF84-4DFF-9B24-5F5B531B994A}.Release|Any CPU.Build.0 = Release|Any CPU
		{6E0FFEE1-21B5-4B26-B65D-FC4C5457A154}.Debug|Any CPU.ActiveCfg = Debug|Any CPU
		{6E0FFEE1-21B5-4B26-B65D-FC4C5457A154}.Debug|Any CPU.Build.0 = Debug|Any CPU
		{6E0FFEE1-21B5-4B26-B65D-FC4C5457A154}.Release|Any CPU.ActiveCfg = Release|Any CPU
		{6E0FFEE1-21B5-4B26-B65D-FC4C5457A154}.Release|Any CPU.Build.0 = Release|Any CPU
		{C5E6AEF6-E39C-4ADE-A684-55B901D9871B}.Debug|Any CPU.ActiveCfg = Debug|Any CPU
		{C5E6AEF6-E39C-4ADE-A684-55B901D9871B}.Debug|Any CPU.Build.0 = Debug|Any CPU
		{C5E6AEF6-E39C-4ADE-A684-55B901D9871B}.Release|Any CPU.ActiveCfg = Release|Any CPU
		{C5E6AEF6-E39C-4ADE-A684-55B901D9871B}.Release|Any CPU.Build.0 = Release|Any CPU
	EndGlobalSection
	GlobalSection(NestedProjects) = preSolution
		{8F82A851-2053-4079-82D2-5BA2C1987AF2} = {D93C7AAD-B597-44E4-B05B-81A52F0D5E9B}
		{68997860-DF84-4DFF-9B24-5F5B531B994A} = {D93C7AAD-B597-44E4-B05B-81A52F0D5E9B}
		{6E0FFEE1-21B5-4B26-B65D-FC4C5457A154} = {D93C7AAD-B597-44E4-B05B-81A52F0D5E9B}
		{C5E6AEF6-E39C-4ADE-A684-55B901D9871B} = {D93C7AAD-B597-44E4-B05B-81A52F0D5E9B}
	EndGlobalSection
EndGlobal
