
Microsoft Visual Studio Solution File, Format Version 12.00
Project("{FAE04EC0-301F-11D3-BF4B-00C04F79EFBC}") = "Sharpie", "Sharpie\Sharpie.csproj", "{4CA00453-0170-4927-B6EB-EAB72B531CD5}"
EndProject
Project("{FAE04EC0-301F-11D3-BF4B-00C04F79EFBC}") = "Sharpie.Toolbox", "Sharpie.Toolbox\Sharpie.Toolbox.csproj", "{17F24E87-82FE-4E55-BD27-2F73DEF34141}"
EndProject
Global
	GlobalSection(SolutionConfigurationPlatforms) = preSolution
		Debug|Any CPU = Debug|Any CPU
		Release|Any CPU = Release|Any CPU
	EndGlobalSection
	GlobalSection(ProjectConfigurationPlatforms) = postSolution
		{4CA00453-0170-4927-B6EB-EAB72B531CD5}.Debug|Any CPU.ActiveCfg = Debug|Any CPU
		{4CA00453-0170-4927-B6EB-EAB72B531CD5}.Debug|Any CPU.Build.0 = Debug|Any CPU
		{4CA00453-0170-4927-B6EB-EAB72B531CD5}.Release|Any CPU.ActiveCfg = Release|Any CPU
		{4CA00453-0170-4927-B6EB-EAB72B531CD5}.Release|Any CPU.Build.0 = Release|Any CPU
		{17F24E87-82FE-4E55-BD27-2F73DEF34141}.Debug|Any CPU.ActiveCfg = Debug|Any CPU
		{17F24E87-82FE-4E55-BD27-2F73DEF34141}.Debug|Any CPU.Build.0 = Debug|Any CPU
		{17F24E87-82FE-4E55-BD27-2F73DEF34141}.Release|Any CPU.ActiveCfg = Release|Any CPU
		{17F24E87-82FE-4E55-BD27-2F73DEF34141}.Release|Any CPU.Build.0 = Release|Any CPU
	EndGlobalSection
EndGlobal
